# This file is automatically @generated by Cargo.
# It is not intended for manual editing.
version = 4

[[package]]
name = "reeve"
version = "0.1.0"

[[package]]
name = "reeve-engine"
version = "0.1.0"

[[package]]
name = "reeve-ingestion"
version = "0.1.0"

[[package]]
name = "reeve-intervention"
version = "0.1.0"

[[package]]
name = "reeve-model"
version = "0.1.0"

[[package]]
name = "reeve-renderer"
version = "0.1.0"

[[package]]
name = "reeve-sdk"
version = "0.1.0"

[[package]]
name = "reeve-storage"
version = "0.1.0"
